
Microsoft Visual Studio Solution File, Format Version 12.00
# Visual Studio Version 17
VisualStudioVersion = 17.4.33213.308
MinimumVisualStudioVersion = 10.0.40219.1
Project("{9A19103F-16F7-4668-BE54-9A1E7A4F7556}") = "OAuth2CoreLib", "OAuth2CoreLib\OAuth2CoreLib.csproj", "{9AB9548B-28FA-4242-92CD-89D46115F27C}"
EndProject
Project("{2150E333-8FDC-42A3-9474-1A3956D46DE8}") = "Implementation", "Implementation", "{C62FC282-77DF-452F-A62F-1D72C94196E0}"
EndProject
Project("{FAE04EC0-301F-11D3-BF4B-00C04F79EFBC}") = "ClientExample", "ClientExample\ClientExample.csproj", "{B1199085-CCF8-4CA7-95F9-DB9ED8C4660C}"
EndProject
Project("{9A19103F-16F7-4668-BE54-9A1E7A4F7556}") = "OAuth2Implementation", "OAuth2Implementation\OAuth2Implementation.csproj", "{A266E0DC-06C7-491C-895A-C308BD5A9758}"
EndProject
Project("{9A19103F-16F7-4668-BE54-9A1E7A4F7556}") = "ResourceServer", "ResourceServer\ResourceServer.csproj", "{F3322D82-97DE-4FF0-B612-543473A586D8}"
EndProject
Global
	GlobalSection(SolutionConfigurationPlatforms) = preSolution
		Debug|Any CPU = Debug|Any CPU
		Release|Any CPU = Release|Any CPU
	EndGlobalSection
	GlobalSection(ProjectConfigurationPlatforms) = postSolution
		{9AB9548B-28FA-4242-92CD-89D46115F27C}.Debug|Any CPU.ActiveCfg = Debug|Any CPU
		{9AB9548B-28FA-4242-92CD-89D46115F27C}.Debug|Any CPU.Build.0 = Debug|Any CPU
		{9AB9548B-28FA-4242-92CD-89D46115F27C}.Release|Any CPU.ActiveCfg = Release|Any CPU
		{9AB9548B-28FA-4242-92CD-89D46115F27C}.Release|Any CPU.Build.0 = Release|Any CPU
		{B1199085-CCF8-4CA7-95F9-DB9ED8C4660C}.Debug|Any CPU.ActiveCfg = Debug|Any CPU
		{B1199085-CCF8-4CA7-95F9-DB9ED8C4660C}.Debug|Any CPU.Build.0 = Debug|Any CPU
		{B1199085-CCF8-4CA7-95F9-DB9ED8C4660C}.Release|Any CPU.ActiveCfg = Release|Any CPU
		{B1199085-CCF8-4CA7-95F9-DB9ED8C4660C}.Release|Any CPU.Build.0 = Release|Any CPU
		{A266E0DC-06C7-491C-895A-C308BD5A9758}.Debug|Any CPU.ActiveCfg = Debug|Any CPU
		{A266E0DC-06C7-491C-895A-C308BD5A9758}.Debug|Any CPU.Build.0 = Debug|Any CPU
		{A266E0DC-06C7-491C-895A-C308BD5A9758}.Release|Any CPU.ActiveCfg = Release|Any CPU
		{A266E0DC-06C7-491C-895A-C308BD5A9758}.Release|Any CPU.Build.0 = Release|Any CPU
		{F3322D82-97DE-4FF0-B612-543473A586D8}.Debug|Any CPU.ActiveCfg = Debug|Any CPU
		{F3322D82-97DE-4FF0-B612-543473A586D8}.Debug|Any CPU.Build.0 = Debug|Any CPU
		{F3322D82-97DE-4FF0-B612-543473A586D8}.Release|Any CPU.ActiveCfg = Release|Any CPU
		{F3322D82-97DE-4FF0-B612-543473A586D8}.Release|Any CPU.Build.0 = Release|Any CPU
	EndGlobalSection
	GlobalSection(SolutionProperties) = preSolution
		HideSolutionNode = FALSE
	EndGlobalSection
	GlobalSection(NestedProjects) = preSolution
		{B1199085-CCF8-4CA7-95F9-DB9ED8C4660C} = {C62FC282-77DF-452F-A62F-1D72C94196E0}
		{A266E0DC-06C7-491C-895A-C308BD5A9758} = {C62FC282-77DF-452F-A62F-1D72C94196E0}
		{F3322D82-97DE-4FF0-B612-543473A586D8} = {C62FC282-77DF-452F-A62F-1D72C94196E0}
	EndGlobalSection
	GlobalSection(ExtensibilityGlobals) = postSolution
		SolutionGuid = {D033FF24-96EC-4B69-8C6F-BE74B06DC739}
	EndGlobalSection
EndGlobal
